PODS:
  - Brightcove-Player-SDK (4.1.6):
    - ReactiveCocoa (~> 2.1)
  - ReactiveCocoa (2.2.4):
    - ReactiveCocoa/Core
    - ReactiveCocoa/no-arc
  - ReactiveCocoa/Core (2.2.4):
    - ReactiveCocoa/no-arc
  - ReactiveCocoa/no-arc (2.2.4)

DEPENDENCIES:
  - Brightcove-Player-SDK (~> 4.1.6)

SPEC CHECKSUMS:
  Brightcove-Player-SDK: 6976fbb38962849a91135492714e46bd91ece4f2
  ReactiveCocoa: 953a45dda30674fe704d1d9c77cc874141742f47

COCOAPODS: 0.29.0
